
Microsoft Visual Studio Solution File, Format Version 12.00
# Visual Studio Version 17
VisualStudioVersion = 17.6.33829.357
MinimumVisualStudioVersion = 10.0.40219.1
Project("{FAE04EC0-301F-11D3-BF4B-00C04F79EFBC}") = "OneToManyRelationShip", "OneToManyRelationShip\OneToManyRelationShip.csproj", "{D3BF3181-133C-4376-8BD7-637373316A0C}"
EndProject
Global
	GlobalSection(SolutionConfigurationPlatforms) = preSolution
		Debug|Any CPU = Debug|Any CPU
		Release|Any CPU = Release|Any CPU
	EndGlobalSection
	GlobalSection(ProjectConfigurationPlatforms) = postSolution
		{D3BF3181-133C-4376-8BD7-637373316A0C}.Debug|Any CPU.ActiveCfg = Debug|Any CPU
		{D3BF3181-133C-4376-8BD7-637373316A0C}.Debug|Any CPU.Build.0 = Debug|Any CPU
		{D3BF3181-133C-4376-8BD7-637373316A0C}.Release|Any CPU.ActiveCfg = Release|Any CPU
		{D3BF3181-133C-4376-8BD7-637373316A0C}.Release|Any CPU.Build.0 = Release|Any CPU
	EndGlobalSection
	GlobalSection(SolutionProperties) = preSolution
		HideSolutionNode = FALSE
	EndGlobalSection
	GlobalSection(ExtensibilityGlobals) = postSolution
		SolutionGuid = {2B1F137E-42D7-43B9-9C2D-714A8C0CD654}
	EndGlobalSection
EndGlobal
